// !$*UTF8*$!
{
	archiveVersion = 1;
	classes = {
	};
	objectVersion = 50;
	objects = {

/* Begin PBXBuildFile section */
		1464C5E82355AEF200AD9E25 /* AppDelegate.swift in Sources */ = {isa = PBXBuildFile; fileRef = 1464C5E72355AEF200AD9E25 /* AppDelegate.swift */; };
		1464C5EA2355AEF200AD9E25 /* SceneDelegate.swift in Sources */ = {isa = PBXBuildFile; fileRef = 1464C5E92355AEF200AD9E25 /* SceneDelegate.swift */; };
		1464C5EC2355AEF200AD9E25 /* ViewController.swift in Sources */ = {isa = PBXBuildFile; fileRef = 1464C5EB2355AEF200AD9E25 /* ViewController.swift */; };
		1464C5EF2355AEF200AD9E25 /* Main.storyboard in Resources */ = {isa = PBXBuildFile; fileRef = 1464C5ED2355AEF200AD9E25 /* Main.storyboard */; };
		1464C5F12355AEF300AD9E25 /* Assets.xcassets in Resources */ = {isa = PBXBuildFile; fileRef = 1464C5F02355AEF300AD9E25 /* Assets.xcassets */; };
		1464C5F42355AEF300AD9E25 /* LaunchScreen.storyboard in Resources */ = {isa = PBXBuildFile; fileRef = 1464C5F22355AEF300AD9E25 /* LaunchScreen.storyboard */; };
		1464C5FC2355B4C200AD9E25 /* LeftAliginLayout.swift in Sources */ = {isa = PBXBuildFile; fileRef = 1464C5FB2355B4C200AD9E25 /* LeftAliginLayout.swift */; };
		1464C5FF2355D5F100AD9E25 /* ListViewController.swift in Sources */ = {isa = PBXBuildFile; fileRef = 1464C5FE2355D5F100AD9E25 /* ListViewController.swift */; };
		147735C92355D98D00FFEFE0 /* BannerViewController.swift in Sources */ = {isa = PBXBuildFile; fileRef = 147735C82355D98D00FFEFE0 /* BannerViewController.swift */; };
		147735CB2355E03800FFEFE0 /* BannerFlowLayout.swift in Sources */ = {isa = PBXBuildFile; fileRef = 147735CA2355E03800FFEFE0 /* BannerFlowLayout.swift */; };
		147735D02356F8BD00FFEFE0 /* FSPageViewLayout.swift in Sources */ = {isa = PBXBuildFile; fileRef = 147735CD2356F8BD00FFEFE0 /* FSPageViewLayout.swift */; };
		147735D52357389100FFEFE0 /* IMG_6295.GIF in Resources */ = {isa = PBXBuildFile; fileRef = 147735D32357389100FFEFE0 /* IMG_6295.GIF */; };
		147735D62357389100FFEFE0 /* IMG_6296.GIF in Resources */ = {isa = PBXBuildFile; fileRef = 147735D42357389100FFEFE0 /* IMG_6296.GIF */; };
/* End PBXBuildFile section */

/* Begin PBXFileReference section */
		1464C5E42355AEF200AD9E25 /* CollectionviewFlowLayoutDemo.app */ = {isa = PBXFileReference; explicitFileType = wrapper.application; includeInIndex = 0; path = CollectionviewFlowLayoutDemo.app; sourceTree = BUILT_PRODUCTS_DIR; };
		1464C5E72355AEF200AD9E25 /* AppDelegate.swift */ = {isa = PBXFileReference; lastKnownFileType = sourcecode.swift; path = AppDelegate.swift; sourceTree = "<group>"; };
		1464C5E92355AEF200AD9E25 /* SceneDelegate.swift */ = {isa = PBXFileReference; lastKnownFileType = sourcecode.swift; path = SceneDelegate.swift; sourceTree = "<group>"; };
		1464C5EB2355AEF200AD9E25 /* ViewController.swift */ = {isa = PBXFileReference; lastKnownFileType = sourcecode.swift; path = ViewController.swift; sourceTree = "<group>"; };
		1464C5EE2355AEF200AD9E25 /* Base */ = {isa = PBXFileReference; lastKnownFileType = file.storyboard; name = Base; path = Base.lproj/Main.storyboard; sourceTree = "<group>"; };
		1464C5F02355AEF300AD9E25 /* Assets.xcassets */ = {isa = PBXFileReference; lastKnownFileType = folder.assetcatalog; path = Assets.xcassets; sourceTree = "<group>"; };
		1464C5F32355AEF300AD9E25 /* Base */ = {isa = PBXFileReference; lastKnownFileType = file.storyboard; name = Base; path = Base.lproj/LaunchScreen.storyboard; sourceTree = "<group>"; };
		1464C5F52355AEF300AD9E25 /* Info.plist */ = {isa = PBXFileReference; lastKnownFileType = text.plist.xml; path = Info.plist; sourceTree = "<group>"; };
		1464C5FB2355B4C200AD9E25 /* LeftAliginLayout.swift */ = {isa = PBXFileReference; lastKnownFileType = sourcecode.swift; path = LeftAliginLayout.swift; sourceTree = "<group>"; };
		1464C5FE2355D5F100AD9E25 /* ListViewController.swift */ = {isa = PBXFileReference; lastKnownFileType = sourcecode.swift; path = ListViewController.swift; sourceTree = "<group>"; };
		147735C82355D98D00FFEFE0 /* BannerViewController.swift */ = {isa = PBXFileReference; lastKnownFileType = sourcecode.swift; path = BannerViewController.swift; sourceTree = "<group>"; };
		147735CA2355E03800FFEFE0 /* BannerFlowLayout.swift */ = {isa = PBXFileReference; lastKnownFileType = sourcecode.swift; path = BannerFlowLayout.swift; sourceTree = "<group>"; };
		147735CD2356F8BD00FFEFE0 /* FSPageViewLayout.swift */ = {isa = PBXFileReference; fileEncoding = 4; lastKnownFileType = sourcecode.swift; path = FSPageViewLayout.swift; sourceTree = "<group>"; };
		147735D32357389100FFEFE0 /* IMG_6295.GIF */ = {isa = PBXFileReference; lastKnownFileType = image.gif; path = IMG_6295.GIF; sourceTree = "<group>"; };
		147735D42357389100FFEFE0 /* IMG_6296.GIF */ = {isa = PBXFileReference; lastKnownFileType = image.gif; path = IMG_6296.GIF; sourceTree = "<group>"; };
/* End PBXFileReference section */

/* Begin PBXFrameworksBuildPhase section */
		1464C5E12355AEF200AD9E25 /* Frameworks */ = {
			isa = PBXFrameworksBuildPhase;
			buildActionMask = 2147483647;
			files = (
			);
			runOnlyForDeploymentPostprocessing = 0;
		};
/* End PBXFrameworksBuildPhase section */

/* Begin PBXGroup section */
		1464C5DB2355AEF200AD9E25 = {
			isa = PBXGroup;
			children = (
				1464C5E62355AEF200AD9E25 /* CollectionviewFlowLayoutDemo */,
				1464C5E52355AEF200AD9E25 /* Products */,
			);
			sourceTree = "<group>";
		};
		1464C5E52355AEF200AD9E25 /* Products */ = {
			isa = PBXGroup;
			children = (
				1464C5E42355AEF200AD9E25 /* CollectionviewFlowLayoutDemo.app */,
			);
			name = Products;
			sourceTree = "<group>";
		};
		1464C5E62355AEF200AD9E25 /* CollectionviewFlowLayoutDemo */ = {
			isa = PBXGroup;
			children = (
				147735D22357388900FFEFE0 /* gif */,
				147735C72355D97900FFEFE0 /* Banner */,
				1464C5FD2355D5A100AD9E25 /* LeftFlowLayout */,
				1464C5E72355AEF200AD9E25 /* AppDelegate.swift */,
				1464C5E92355AEF200AD9E25 /* SceneDelegate.swift */,
				1464C5EB2355AEF200AD9E25 /* ViewController.swift */,
				1464C5ED2355AEF200AD9E25 /* Main.storyboard */,
				1464C5F02355AEF300AD9E25 /* Assets.xcassets */,
				1464C5F22355AEF300AD9E25 /* LaunchScreen.storyboard */,
				1464C5F52355AEF300AD9E25 /* Info.plist */,
			);
			path = CollectionviewFlowLayoutDemo;
			sourceTree = "<group>";
		};
		1464C5FD2355D5A100AD9E25 /* LeftFlowLayout */ = {
			isa = PBXGroup;
			children = (
				1464C5FE2355D5F100AD9E25 /* ListViewController.swift */,
				1464C5FB2355B4C200AD9E25 /* LeftAliginLayout.swift */,
			);
			path = LeftFlowLayout;
			sourceTree = "<group>";
		};
		147735C72355D97900FFEFE0 /* Banner */ = {
			isa = PBXGroup;
			children = (
				147735C82355D98D00FFEFE0 /* BannerViewController.swift */,
				147735CA2355E03800FFEFE0 /* BannerFlowLayout.swift */,
				147735CD2356F8BD00FFEFE0 /* FSPageViewLayout.swift */,
			);
			path = Banner;
			sourceTree = "<group>";
		};
		147735D22357388900FFEFE0 /* gif */ = {
			isa = PBXGroup;
			children = (
				147735D32357389100FFEFE0 /* IMG_6295.GIF */,
				147735D42357389100FFEFE0 /* IMG_6296.GIF */,
			);
			path = gif;
			sourceTree = "<group>";
		};
/* End PBXGroup section */

/* Begin PBXNativeTarget section */
		1464C5E32355AEF200AD9E25 /* CollectionviewFlowLayoutDemo */ = {
			isa = PBXNativeTarget;
			buildConfigurationList = 1464C5F82355AEF300AD9E25 /* Build configuration list for PBXNativeTarget "CollectionviewFlowLayoutDemo" */;
			buildPhases = (
				1464C5E02355AEF200AD9E25 /* Sources */,
				1464C5E12355AEF200AD9E25 /* Frameworks */,
				1464C5E22355AEF200AD9E25 /* Resources */,
			);
			buildRules = (
			);
			dependencies = (
			);
			name = CollectionviewFlowLayoutDemo;
			productName = CollectionviewFlowLayoutDemo;
			productReference = 1464C5E42355AEF200AD9E25 /* CollectionviewFlowLayoutDemo.app */;
			productType = "com.apple.product-type.application";
		};
/* End PBXNativeTarget section */

/* Begin PBXProject section */
		1464C5DC2355AEF200AD9E25 /* Project object */ = {
			isa = PBXProject;
			attributes = {
				LastSwiftUpdateCheck = 1100;
				LastUpgradeCheck = 1100;
				ORGANIZATIONNAME = DC;
				TargetAttributes = {
					1464C5E32355AEF200AD9E25 = {
						CreatedOnToolsVersion = 11.0;
					};
				};
			};
			buildConfigurationList = 1464C5DF2355AEF200AD9E25 /* Build configuration list for PBXProject "CollectionviewFlowLayoutDemo" */;
			compatibilityVersion = "Xcode 9.3";
			developmentRegion = en;
			hasScannedForEncodings = 0;
			knownRegions = (
				en,
				Base,
			);
			mainGroup = 1464C5DB2355AEF200AD9E25;
			productRefGroup = 1464C5E52355AEF200AD9E25 /* Products */;
			projectDirPath = "";
			projectRoot = "";
			targets = (
				1464C5E32355AEF200AD9E25 /* CollectionviewFlowLayoutDemo */,
			);
		};
/* End PBXProject section */

/* Begin PBXResourcesBuildPhase section */
		1464C5E22355AEF200AD9E25 /* Resources */ = {
			isa = PBXResourcesBuildPhase;
			buildActionMask = 2147483647;
			files = (
				1464C5F42355AEF300AD9E25 /* LaunchScreen.storyboard in Resources */,
				1464C5F12355AEF300AD9E25 /* Assets.xcassets in Resources */,
				147735D62357389100FFEFE0 /* IMG_6296.GIF in Resources */,
				147735D52357389100FFEFE0 /* IMG_6295.GIF in Resources */,
				1464C5EF2355AEF200AD9E25 /* Main.storyboard in Resources */,
			);
			runOnlyForDeploymentPostprocessing = 0;
		};
/* End PBXResourcesBuildPhase section */

/* Begin PBXSourcesBuildPhase section */
		1464C5E02355AEF200AD9E25 /* Sources */ = {
			isa = PBXSourcesBuildPhase;
			buildActionMask = 2147483647;
			files = (
				147735D02356F8BD00FFEFE0 /* FSPageViewLayout.swift in Sources */,
				147735C92355D98D00FFEFE0 /* BannerViewController.swift in Sources */,
				1464C5EC2355AEF200AD9E25 /* ViewController.swift in Sources */,
				1464C5E82355AEF200AD9E25 /* AppDelegate.swift in Sources */,
				1464C5FC2355B4C200AD9E25 /* LeftAliginLayout.swift in Sources */,
				147735CB2355E03800FFEFE0 /* BannerFlowLayout.swift in Sources */,
				1464C5FF2355D5F100AD9E25 /* ListViewController.swift in Sources */,
				1464C5EA2355AEF200AD9E25 /* SceneDelegate.swift in Sources */,
			);
			runOnlyForDeploymentPostprocessing = 0;
		};
/* End PBXSourcesBuildPhase section */

/* Begin PBXVariantGroup section */
		1464C5ED2355AEF200AD9E25 /* Main.storyboard */ = {
			isa = PBXVariantGroup;
			children = (
				1464C5EE2355AEF200AD9E25 /* Base */,
			);
			name = Main.storyboard;
			sourceTree = "<group>";
		};
		1464C5F22355AEF300AD9E25 /* LaunchScreen.storyboard */ = {
			isa = PBXVariantGroup;
			children = (
				1464C5F32355AEF300AD9E25 /* Base */,
			);
			name = LaunchScreen.storyboard;
			sourceTree = "<group>";
		};
/* End PBXVariantGroup section */

/* Begin XCBuildConfiguration section */
		1464C5F62355AEF300AD9E25 /* Debug */ = {
			isa = XCBuildConfiguration;
			buildSettings = {
				ALWAYS_SEARCH_USER_PATHS = NO;
				CLANG_ANALYZER_NONNULL = YES;
				CLANG_ANALYZER_NUMBER_OBJECT_CONVERSION = YES_AGGRESSIVE;
				CLANG_CXX_LANGUAGE_STANDARD = "gnu++14";
				CLANG_CXX_LIBRARY = "libc++";
				CLANG_ENABLE_MODULES = YES;
				CLANG_ENABLE_OBJC_ARC = YES;
				CLANG_ENABLE_OBJC_WEAK = YES;
				CLANG_WARN_BLOCK_CAPTURE_AUTORELEASING = YES;
				CLANG_WARN_BOOL_CONVERSION = YES;
				CLANG_WARN_COMMA = YES;
				CLANG_WARN_CONSTANT_CONVERSION = YES;
				CLANG_WARN_DEPRECATED_OBJC_IMPLEMENTATIONS = YES;
				CLANG_WARN_DIRECT_OBJC_ISA_USAGE = YES_ERROR;
				CLANG_WARN_DOCUMENTATION_COMMENTS = YES;
				CLANG_WARN_EMPTY_BODY = YES;
				CLANG_WARN_ENUM_CONVERSION = YES;
				CLANG_WARN_INFINITE_RECURSION = YES;
				CLANG_WARN_INT_CONVERSION = YES;
				CLANG_WARN_NON_LITERAL_NULL_CONVERSION = YES;
				CLANG_WARN_OBJC_IMPLICIT_RETAIN_SELF = YES;
				CLANG_WARN_OBJC_LITERAL_CONVERSION = YES;
				CLANG_WARN_OBJC_ROOT_CLASS = YES_ERROR;
				CLANG_WARN_RANGE_LOOP_ANALYSIS = YES;
				CLANG_WARN_STRICT_PROTOTYPES = YES;
				CLANG_WARN_SUSPICIOUS_MOVE = YES;
				CLANG_WARN_UNGUARDED_AVAILABILITY = YES_AGGRESSIVE;
				CLANG_WARN_UNREACHABLE_CODE = YES;
				CLANG_WARN__DUPLICATE_METHOD_MATCH = YES;
				COPY_PHASE_STRIP = NO;
				DEBUG_INFORMATION_FORMAT = dwarf;
				ENABLE_STRICT_OBJC_MSGSEND = YES;
				ENABLE_TESTABILITY = YES;
				GCC_C_LANGUAGE_STANDARD = gnu11;
				GCC_DYNAMIC_NO_PIC = NO;
				GCC_NO_COMMON_BLOCKS = YES;
				GCC_OPTIMIZATION_LEVEL = 0;
				GCC_PREPROCESSOR_DEFINITIONS = (
					"DEBUG=1",
					"$(inherited)",
				);
				GCC_WARN_64_TO_32_BIT_CONVERSION = YES;
				GCC_WARN_ABOUT_RETURN_TYPE = YES_ERROR;
				GCC_WARN_UNDECLARED_SELECTOR = YES;
				GCC_WARN_UNINITIALIZED_AUTOS = YES_AGGRESSIVE;
				GCC_WARN_UNUSED_FUNCTION = YES;
				GCC_WARN_UNUSED_VARIABLE = YES;
				IPHONEOS_DEPLOYMENT_TARGET = 13.0;
				MTL_ENABLE_DEBUG_INFO = INCLUDE_SOURCE;
				MTL_FAST_MATH = YES;
				ONLY_ACTIVE_ARCH = YES;
				SDKROOT = iphoneos;
				SWIFT_ACTIVE_COMPILATION_CONDITIONS = DEBUG;
				SWIFT_OPTIMIZATION_LEVEL = "-Onone";
			};
			name = Debug;
		};
		1464C5F72355AEF300AD9E25 /* Release */ = {
			isa = XCBuildConfiguration;
			buildSettings = {
				ALWAYS_SEARCH_USER_PATHS = NO;
				CLANG_ANALYZER_NONNULL = YES;
				CLANG_ANALYZER_NUMBER_OBJECT_CONVERSION = YES_AGGRESSIVE;
				CLANG_CXX_LANGUAGE_STANDARD = "gnu++14";
				CLANG_CXX_LIBRARY = "libc++";
				CLANG_ENABLE_MODULES = YES;
				CLANG_ENABLE_OBJC_ARC = YES;
				CLANG_ENABLE_OBJC_WEAK = YES;
				CLANG_WARN_BLOCK_CAPTURE_AUTORELEASING = YES;
				CLANG_WARN_BOOL_CONVERSION = YES;
				CLANG_WARN_COMMA = YES;
				CLANG_WARN_CONSTANT_CONVERSION = YES;
				CLANG_WARN_DEPRECATED_OBJC_IMPLEMENTATIONS = YES;
				CLANG_WARN_DIRECT_OBJC_ISA_USAGE = YES_ERROR;
				CLANG_WARN_DOCUMENTATION_COMMENTS = YES;
				CLANG_WARN_EMPTY_BODY = YES;
				CLANG_WARN_ENUM_CONVERSION = YES;
				CLANG_WARN_INFINITE_RECURSION = YES;
				CLANG_WARN_INT_CONVERSION = YES;
				CLANG_WARN_NON_LITERAL_NULL_CONVERSION = YES;
				CLANG_WARN_OBJC_IMPLICIT_RETAIN_SELF = YES;
				CLANG_WARN_OBJC_LITERAL_CONVERSION = YES;
				CLANG_WARN_OBJC_ROOT_CLASS = YES_ERROR;
				CLANG_WARN_RANGE_LOOP_ANALYSIS = YES;
				CLANG_WARN_STRICT_PROTOTYPES = YES;
				CLANG_WARN_SUSPICIOUS_MOVE = YES;
				CLANG_WARN_UNGUARDED_AVAILABILITY = YES_AGGRESSIVE;
				CLANG_WARN_UNREACHABLE_CODE = YES;
				CLANG_WARN__DUPLICATE_METHOD_MATCH = YES;
				COPY_PHASE_STRIP = NO;
				DEBUG_INFORMATION_FORMAT = "dwarf-with-dsym";
				ENABLE_NS_ASSERTIONS = NO;
				ENABLE_STRICT_OBJC_MSGSEND = YES;
				GCC_C_LANGUAGE_STANDARD = gnu11;
				GCC_NO_COMMON_BLOCKS = YES;
				GCC_WARN_64_TO_32_BIT_CONVERSION = YES;
				GCC_WARN_ABOUT_RETURN_TYPE = YES_ERROR;
				GCC_WARN_UNDECLARED_SELECTOR = YES;
				GCC_WARN_UNINITIALIZED_AUTOS = YES_AGGRESSIVE;
				GCC_WARN_UNUSED_FUNCTION = YES;
				GCC_WARN_UNUSED_VARIABLE = YES;
				IPHONEOS_DEPLOYMENT_TARGET = 13.0;
				MTL_ENABLE_DEBUG_INFO = NO;
				MTL_FAST_MATH = YES;
				SDKROOT = iphoneos;
				SWIFT_COMPILATION_MODE = wholemodule;
				SWIFT_OPTIMIZATION_LEVEL = "-O";
				VALIDATE_PRODUCT = YES;
			};
			name = Release;
		};
		1464C5F92355AEF300AD9E25 /* Debug */ = {
			isa = XCBuildConfiguration;
			buildSettings = {
				ASSETCATALOG_COMPILER_APPICON_NAME = AppIcon;
				CODE_SIGN_STYLE = Automatic;
				DEVELOPMENT_TEAM = 26J52EZXXR;
				INFOPLIST_FILE = CollectionviewFlowLayoutDemo/Info.plist;
				LD_RUNPATH_SEARCH_PATHS = (
					"$(inherited)",
					"@executable_path/Frameworks",
				);
				PRODUCT_BUNDLE_IDENTIFIER = BC.CollectionviewFlowLayoutDemo;
				PRODUCT_NAME = "$(TARGET_NAME)";
				SWIFT_VERSION = 5.0;
				TARGETED_DEVICE_FAMILY = "1,2";
			};
			name = Debug;
		};
		1464C5FA2355AEF300AD9E25 /* Release */ = {
			isa = XCBuildConfiguration;
			buildSettings = {
				ASSETCATALOG_COMPILER_APPICON_NAME = AppIcon;
				CODE_SIGN_STYLE = Automatic;
				DEVELOPMENT_TEAM = 26J52EZXXR;
				INFOPLIST_FILE = CollectionviewFlowLayoutDemo/Info.plist;
				LD_RUNPATH_SEARCH_PATHS = (
					"$(inherited)",
					"@executable_path/Frameworks",
				);
				PRODUCT_BUNDLE_IDENTIFIER = BC.CollectionviewFlowLayoutDemo;
				PRODUCT_NAME = "$(TARGET_NAME)";
				SWIFT_VERSION = 5.0;
				TARGETED_DEVICE_FAMILY = "1,2";
			};
			name = Release;
		};
/* End XCBuildConfiguration section */

/* Begin XCConfigurationList section */
		1464C5DF2355AEF200AD9E25 /* Build configuration list for PBXProject "CollectionviewFlowLayoutDemo" */ = {
			isa = XCConfigurationList;
			buildConfigurations = (
				1464C5F62355AEF300AD9E25 /* Debug */,
				1464C5F72355AEF300AD9E25 /* Release */,
			);
			defaultConfigurationIsVisible = 0;
			defaultConfigurationName = Release;
		};
		1464C5F82355AEF300AD9E25 /* Build configuration list for PBXNativeTarget "CollectionviewFlowLayoutDemo" */ = {
			isa = XCConfigurationList;
			buildConfigurations = (
				1464C5F92355AEF300AD9E25 /* Debug */,
				1464C5FA2355AEF300AD9E25 /* Release */,
			);
			defaultConfigurationIsVisible = 0;
			defaultConfigurationName = Release;
		};
/* End XCConfigurationList section */
	};
	rootObject = 1464C5DC2355AEF200AD9E25 /* Project object */;
}
